
Microsoft Visual Studio Solution File, Format Version 12.00
# Visual Studio Version 16
VisualStudioVersion = 16.0.30804.86
MinimumVisualStudioVersion = 10.0.40219.1
Project("{2150E333-8FDC-42A3-9474-1A3956D46DE8}") = "Services", "Services", "{992E3DF7-3ABF-4FF0-8115-4BDBCDFC72E3}"
EndProject
Project("{2150E333-8FDC-42A3-9474-1A3956D46DE8}") = "Catalog", "Catalog", "{948B4433-3329-42F4-A5FD-F8AB33F5DF46}"
EndProject
Project("{FAE04EC0-301F-11D3-BF4B-00C04F79EFBC}") = "Catalog.Api", "Services\Catalog\Catalog.Api\Catalog.Api.csproj", "{D7466B51-F882-4C96-A009-29AE727D51ED}"
EndProject
Global
	GlobalSection(SolutionConfigurationPlatforms) = preSolution
		Debug|Any CPU = Debug|Any CPU
		Release|Any CPU = Release|Any CPU
	EndGlobalSection
	GlobalSection(ProjectConfigurationPlatforms) = postSolution
		{D7466B51-F882-4C96-A009-29AE727D51ED}.Debug|Any CPU.ActiveCfg = Debug|Any CPU
		{D7466B51-F882-4C96-A009-29AE727D51ED}.Debug|Any CPU.Build.0 = Debug|Any CPU
		{D7466B51-F882-4C96-A009-29AE727D51ED}.Release|Any CPU.ActiveCfg = Release|Any CPU
		{D7466B51-F882-4C96-A009-29AE727D51ED}.Release|Any CPU.Build.0 = Release|Any CPU
	EndGlobalSection
	GlobalSection(SolutionProperties) = preSolution
		HideSolutionNode = FALSE
	EndGlobalSection
	GlobalSection(NestedProjects) = preSolution
		{948B4433-3329-42F4-A5FD-F8AB33F5DF46} = {992E3DF7-3ABF-4FF0-8115-4BDBCDFC72E3}
		{D7466B51-F882-4C96-A009-29AE727D51ED} = {948B4433-3329-42F4-A5FD-F8AB33F5DF46}
	EndGlobalSection
	GlobalSection(ExtensibilityGlobals) = postSolution
		SolutionGuid = {A07D7F34-E525-4BF5-838B-8655186D6530}
	EndGlobalSection
EndGlobal
